
Microsoft Visual Studio Solution File, Format Version 12.00
# Visual Studio Express 2012 for Windows Desktop
Project("{8BC9CEB8-8B4A-11D0-8D11-00A0C91BC942}") = "ExSciTE", "ExSciTE.vcxproj", "{220102F6-D91A-486C-BCA6-294F2DD37036}"
EndProject
Project("{8BC9CEB8-8B4A-11D0-8D11-00A0C91BC942}") = "SciTE", "SciTE\SciTE.vcxproj", "{DF613B78-E142-4654-A106-6A123D649BD7}"
EndProject
Project("{8BC9CEB8-8B4A-11D0-8D11-00A0C91BC942}") = "Scintilla", "Scintilla\Scintilla.vcxproj", "{6F615EE2-3EE0-4C0D-B63D-2D8546A4CE67}"
EndProject
Global
	GlobalSection(SolutionConfigurationPlatforms) = preSolution
		Debug|Win32 = Debug|Win32
		Debug|x64 = Debug|x64
		Release|Win32 = Release|Win32
		Release|x64 = Release|x64
	EndGlobalSection
	GlobalSection(ProjectConfigurationPlatforms) = postSolution
		{220102F6-D91A-486C-BCA6-294F2DD37036}.Debug|Win32.ActiveCfg = Debug|Win32
		{220102F6-D91A-486C-BCA6-294F2DD37036}.Debug|Win32.Build.0 = Debug|Win32
		{220102F6-D91A-486C-BCA6-294F2DD37036}.Debug|x64.ActiveCfg = Debug|x64
		{220102F6-D91A-486C-BCA6-294F2DD37036}.Debug|x64.Build.0 = Debug|x64
		{220102F6-D91A-486C-BCA6-294F2DD37036}.Release|Win32.ActiveCfg = Release|Win32
		{220102F6-D91A-486C-BCA6-294F2DD37036}.Release|Win32.Build.0 = Release|Win32
		{220102F6-D91A-486C-BCA6-294F2DD37036}.Release|x64.ActiveCfg = Release|x64
		{220102F6-D91A-486C-BCA6-294F2DD37036}.Release|x64.Build.0 = Release|x64
		{DF613B78-E142-4654-A106-6A123D649BD7}.Debug|Win32.ActiveCfg = Debug|Win32
		{DF613B78-E142-4654-A106-6A123D649BD7}.Debug|Win32.Build.0 = Debug|Win32
		{DF613B78-E142-4654-A106-6A123D649BD7}.Debug|x64.ActiveCfg = Debug|x64
		{DF613B78-E142-4654-A106-6A123D649BD7}.Debug|x64.Build.0 = Debug|x64
		{DF613B78-E142-4654-A106-6A123D649BD7}.Release|Win32.ActiveCfg = Release|Win32
		{DF613B78-E142-4654-A106-6A123D649BD7}.Release|Win32.Build.0 = Release|Win32
		{DF613B78-E142-4654-A106-6A123D649BD7}.Release|x64.ActiveCfg = Release|x64
		{DF613B78-E142-4654-A106-6A123D649BD7}.Release|x64.Build.0 = Release|x64
		{6F615EE2-3EE0-4C0D-B63D-2D8546A4CE67}.Debug|Win32.ActiveCfg = Debug|Win32
		{6F615EE2-3EE0-4C0D-B63D-2D8546A4CE67}.Debug|Win32.Build.0 = Debug|Win32
		{6F615EE2-3EE0-4C0D-B63D-2D8546A4CE67}.Debug|x64.ActiveCfg = Debug|x64
		{6F615EE2-3EE0-4C0D-B63D-2D8546A4CE67}.Debug|x64.Build.0 = Debug|x64
		{6F615EE2-3EE0-4C0D-B63D-2D8546A4CE67}.Release|Win32.ActiveCfg = Release|Win32
		{6F615EE2-3EE0-4C0D-B63D-2D8546A4CE67}.Release|Win32.Build.0 = Release|Win32
		{6F615EE2-3EE0-4C0D-B63D-2D8546A4CE67}.Release|x64.ActiveCfg = Release|x64
		{6F615EE2-3EE0-4C0D-B63D-2D8546A4CE67}.Release|x64.Build.0 = Release|x64
	EndGlobalSection
	GlobalSection(SolutionProperties) = preSolution
		HideSolutionNode = FALSE
	EndGlobalSection
EndGlobal
