<?xml version="1.0" encoding="utf-8"?>
<Project ToolsVersion="4.0" xmlns="http://schemas.microsoft.com/developer/msbuild/2003">
  <ItemGroup>
    <Filter Include="Source Files">
      <UniqueIdentifier>{4FC737F1-C7A5-4376-A066-2A32D752A2FF}</UniqueIdentifier>
      <Extensions>cpp;c;cc;cxx;def;odl;idl;hpj;bat;asm;asmx</Extensions>
    </Filter>
    <Filter Include="Header Files">
      <UniqueIdentifier>{93995380-89BD-4b04-88EB-625FBE52EBFB}</UniqueIdentifier>
      <Extensions>h;hpp;hxx;hm;inl;inc;xsd</Extensions>
    </Filter>
    <Filter Include="Resource Files">
      <UniqueIdentifier>{67DA6AB6-F800-4c08-8B7A-83BB121AAD01}</UniqueIdentifier>
      <Extensions>rc;ico;cur;bmp;dlg;rc2;rct;bin;rgs;gif;jpg;jpeg;jpe;resx;tiff;tif;png;wav;mfcribbon-ms</Extensions>
    </Filter>
    <Filter Include="Lexers">
      <UniqueIdentifier>{6ee7629e-f5e9-46fc-b45c-26743fefc87e}</UniqueIdentifier>
    </Filter>
    <Filter Include="lexlib">
      <UniqueIdentifier>{48152f1a-83db-4464-83a1-c8878cb0626c}</UniqueIdentifier>
    </Filter>
  </ItemGroup>
  <ItemGroup>
    <ClCompile Include="..\..\scintilla\win32\CheckD2D.cxx">
      <Filter>Source Files</Filter>
    </ClCompile>
    <ClCompile Include="..\..\scintilla\win32\PlatWin.cxx">
      <Filter>Source Files</Filter>
    </ClCompile>
    <ClCompile Include="..\..\scintilla\win32\ScintillaWin.cxx">
      <Filter>Source Files</Filter>
    </ClCompile>
    <ClCompile Include="..\..\scintilla\src\AutoComplete.cxx">
      <Filter>Source Files</Filter>
    </ClCompile>
    <ClCompile Include="..\..\scintilla\src\CallTip.cxx">
      <Filter>Source Files</Filter>
    </ClCompile>
    <ClCompile Include="..\..\scintilla\src\Catalogue.cxx">
      <Filter>Source Files</Filter>
    </ClCompile>
    <ClCompile Include="..\..\scintilla\src\CellBuffer.cxx">
      <Filter>Source Files</Filter>
    </ClCompile>
    <ClCompile Include="..\..\scintilla\src\CharClassify.cxx">
      <Filter>Source Files</Filter>
    </ClCompile>
    <ClCompile Include="..\..\scintilla\src\ContractionState.cxx">
      <Filter>Source Files</Filter>
    </ClCompile>
    <ClCompile Include="..\..\scintilla\src\Decoration.cxx">
      <Filter>Source Files</Filter>
    </ClCompile>
    <ClCompile Include="..\..\scintilla\src\Document.cxx">
      <Filter>Source Files</Filter>
    </ClCompile>
    <ClCompile Include="..\..\scintilla\src\Editor.cxx">
      <Filter>Source Files</Filter>
    </ClCompile>
    <ClCompile Include="..\..\scintilla\src\ExternalLexer.cxx">
      <Filter>Source Files</Filter>
    </ClCompile>
    <ClCompile Include="..\..\scintilla\src\Indicator.cxx">
      <Filter>Source Files</Filter>
    </ClCompile>
    <ClCompile Include="..\..\scintilla\src\KeyMap.cxx">
      <Filter>Source Files</Filter>
    </ClCompile>
    <ClCompile Include="..\..\scintilla\src\LineMarker.cxx">
      <Filter>Source Files</Filter>
    </ClCompile>
    <ClCompile Include="..\..\scintilla\src\PerLine.cxx">
      <Filter>Source Files</Filter>
    </ClCompile>
    <ClCompile Include="..\..\scintilla\src\PositionCache.cxx">
      <Filter>Source Files</Filter>
    </ClCompile>
    <ClCompile Include="..\..\scintilla\src\RESearch.cxx">
      <Filter>Source Files</Filter>
    </ClCompile>
    <ClCompile Include="..\..\scintilla\src\RunStyles.cxx">
      <Filter>Source Files</Filter>
    </ClCompile>
    <ClCompile Include="..\..\scintilla\src\ScintillaBase.cxx">
      <Filter>Source Files</Filter>
    </ClCompile>
    <ClCompile Include="..\..\scintilla\src\Selection.cxx">
      <Filter>Source Files</Filter>
    </ClCompile>
    <ClCompile Include="..\..\scintilla\src\Style.cxx">
      <Filter>Source Files</Filter>
    </ClCompile>
    <ClCompile Include="..\..\scintilla\src\UniConversion.cxx">
      <Filter>Source Files</Filter>
    </ClCompile>
    <ClCompile Include="..\..\scintilla\src\ViewStyle.cxx">
      <Filter>Source Files</Filter>
    </ClCompile>
    <ClCompile Include="..\..\scintilla\src\XPM.cxx">
      <Filter>Source Files</Filter>
    </ClCompile>
    <ClCompile Include="..\..\scintilla\lexers\LexA68k.cxx">
      <Filter>Lexers</Filter>
    </ClCompile>
    <ClCompile Include="..\..\scintilla\lexers\LexAbaqus.cxx">
      <Filter>Lexers</Filter>
    </ClCompile>
    <ClCompile Include="..\..\scintilla\lexers\LexAda.cxx">
      <Filter>Lexers</Filter>
    </ClCompile>
    <ClCompile Include="..\..\scintilla\lexers\LexAPDL.cxx">
      <Filter>Lexers</Filter>
    </ClCompile>
    <ClCompile Include="..\..\scintilla\lexers\LexAsm.cxx">
      <Filter>Lexers</Filter>
    </ClCompile>
    <ClCompile Include="..\..\scintilla\lexers\LexAsn1.cxx">
      <Filter>Lexers</Filter>
    </ClCompile>
    <ClCompile Include="..\..\scintilla\lexers\LexASY.cxx">
      <Filter>Lexers</Filter>
    </ClCompile>
    <ClCompile Include="..\..\scintilla\lexers\LexAU3.cxx">
      <Filter>Lexers</Filter>
    </ClCompile>
    <ClCompile Include="..\..\scintilla\lexers\LexAVE.cxx">
      <Filter>Lexers</Filter>
    </ClCompile>
    <ClCompile Include="..\..\scintilla\lexers\LexAVS.cxx">
      <Filter>Lexers</Filter>
    </ClCompile>
    <ClCompile Include="..\..\scintilla\lexers\LexBaan.cxx">
      <Filter>Lexers</Filter>
    </ClCompile>
    <ClCompile Include="..\..\scintilla\lexers\LexBash.cxx">
      <Filter>Lexers</Filter>
    </ClCompile>
    <ClCompile Include="..\..\scintilla\lexers\LexBasic.cxx">
      <Filter>Lexers</Filter>
    </ClCompile>
    <ClCompile Include="..\..\scintilla\lexers\LexBullant.cxx">
      <Filter>Lexers</Filter>
    </ClCompile>
    <ClCompile Include="..\..\scintilla\lexers\LexCaml.cxx">
      <Filter>Lexers</Filter>
    </ClCompile>
    <ClCompile Include="..\..\scintilla\lexers\LexCLW.cxx">
      <Filter>Lexers</Filter>
    </ClCompile>
    <ClCompile Include="..\..\scintilla\lexers\LexCmake.cxx">
      <Filter>Lexers</Filter>
    </ClCompile>
    <ClCompile Include="..\..\scintilla\lexers\LexCOBOL.cxx">
      <Filter>Lexers</Filter>
    </ClCompile>
    <ClCompile Include="..\..\scintilla\lexers\LexCoffeeScript.cxx">
      <Filter>Lexers</Filter>
    </ClCompile>
    <ClCompile Include="..\..\scintilla\lexers\LexConf.cxx">
      <Filter>Lexers</Filter>
    </ClCompile>
    <ClCompile Include="..\..\scintilla\lexers\LexCPP.cxx">
      <Filter>Lexers</Filter>
    </ClCompile>
    <ClCompile Include="..\..\scintilla\lexers\LexCrontab.cxx">
      <Filter>Lexers</Filter>
    </ClCompile>
    <ClCompile Include="..\..\scintilla\lexers\LexCsound.cxx">
      <Filter>Lexers</Filter>
    </ClCompile>
    <ClCompile Include="..\..\scintilla\lexers\LexCSS.cxx">
      <Filter>Lexers</Filter>
    </ClCompile>
    <ClCompile Include="..\..\scintilla\lexers\LexD.cxx">
      <Filter>Lexers</Filter>
    </ClCompile>
    <ClCompile Include="..\..\scintilla\lexers\LexECL.cxx">
      <Filter>Lexers</Filter>
    </ClCompile>
    <ClCompile Include="..\..\scintilla\lexers\LexEiffel.cxx">
      <Filter>Lexers</Filter>
    </ClCompile>
    <ClCompile Include="..\..\scintilla\lexers\LexErlang.cxx">
      <Filter>Lexers</Filter>
    </ClCompile>
    <ClCompile Include="..\..\scintilla\lexers\LexEScript.cxx">
      <Filter>Lexers</Filter>
    </ClCompile>
    <ClCompile Include="..\..\scintilla\lexers\LexFlagship.cxx">
      <Filter>Lexers</Filter>
    </ClCompile>
    <ClCompile Include="..\..\scintilla\lexers\LexForth.cxx">
      <Filter>Lexers</Filter>
    </ClCompile>
    <ClCompile Include="..\..\scintilla\lexers\LexFortran.cxx">
      <Filter>Lexers</Filter>
    </ClCompile>
    <ClCompile Include="..\..\scintilla\lexers\LexGAP.cxx">
      <Filter>Lexers</Filter>
    </ClCompile>
    <ClCompile Include="..\..\scintilla\lexers\LexGui4Cli.cxx">
      <Filter>Lexers</Filter>
    </ClCompile>
    <ClCompile Include="..\..\scintilla\lexers\LexHaskell.cxx">
      <Filter>Lexers</Filter>
    </ClCompile>
    <ClCompile Include="..\..\scintilla\lexers\LexHTML.cxx">
      <Filter>Lexers</Filter>
    </ClCompile>
    <ClCompile Include="..\..\scintilla\lexers\LexInno.cxx">
      <Filter>Lexers</Filter>
    </ClCompile>
    <ClCompile Include="..\..\scintilla\lexers\LexKix.cxx">
      <Filter>Lexers</Filter>
    </ClCompile>
    <ClCompile Include="..\..\scintilla\lexers\LexLaTeX.cxx">
      <Filter>Lexers</Filter>
    </ClCompile>
    <ClCompile Include="..\..\scintilla\lexers\LexLisp.cxx">
      <Filter>Lexers</Filter>
    </ClCompile>
    <ClCompile Include="..\..\scintilla\lexers\LexLout.cxx">
      <Filter>Lexers</Filter>
    </ClCompile>
    <ClCompile Include="..\..\scintilla\lexers\LexLua.cxx">
      <Filter>Lexers</Filter>
    </ClCompile>
    <ClCompile Include="..\..\scintilla\lexers\LexMagik.cxx">
      <Filter>Lexers</Filter>
    </ClCompile>
    <ClCompile Include="..\..\scintilla\lexers\LexMarkdown.cxx">
      <Filter>Lexers</Filter>
    </ClCompile>
    <ClCompile Include="..\..\scintilla\lexers\LexMatlab.cxx">
      <Filter>Lexers</Filter>
    </ClCompile>
    <ClCompile Include="..\..\scintilla\lexers\LexMetapost.cxx">
      <Filter>Lexers</Filter>
    </ClCompile>
    <ClCompile Include="..\..\scintilla\lexers\LexMMIXAL.cxx">
      <Filter>Lexers</Filter>
    </ClCompile>
    <ClCompile Include="..\..\scintilla\lexers\LexModula.cxx">
      <Filter>Lexers</Filter>
    </ClCompile>
    <ClCompile Include="..\..\scintilla\lexers\LexMPT.cxx">
      <Filter>Lexers</Filter>
    </ClCompile>
    <ClCompile Include="..\..\scintilla\lexers\LexMSSQL.cxx">
      <Filter>Lexers</Filter>
    </ClCompile>
    <ClCompile Include="..\..\scintilla\lexers\LexMySQL.cxx">
      <Filter>Lexers</Filter>
    </ClCompile>
    <ClCompile Include="..\..\scintilla\lexers\LexNimrod.cxx">
      <Filter>Lexers</Filter>
    </ClCompile>
    <ClCompile Include="..\..\scintilla\lexers\LexNsis.cxx">
      <Filter>Lexers</Filter>
    </ClCompile>
    <ClCompile Include="..\..\scintilla\lexers\LexOpal.cxx">
      <Filter>Lexers</Filter>
    </ClCompile>
    <ClCompile Include="..\..\scintilla\lexers\LexOScript.cxx">
      <Filter>Lexers</Filter>
    </ClCompile>
    <ClCompile Include="..\..\scintilla\lexers\LexOthers.cxx">
      <Filter>Lexers</Filter>
    </ClCompile>
    <ClCompile Include="..\..\scintilla\lexers\LexPascal.cxx">
      <Filter>Lexers</Filter>
    </ClCompile>
    <ClCompile Include="..\..\scintilla\lexers\LexPB.cxx">
      <Filter>Lexers</Filter>
    </ClCompile>
    <ClCompile Include="..\..\scintilla\lexers\LexPerl.cxx">
      <Filter>Lexers</Filter>
    </ClCompile>
    <ClCompile Include="..\..\scintilla\lexers\LexPLM.cxx">
      <Filter>Lexers</Filter>
    </ClCompile>
    <ClCompile Include="..\..\scintilla\lexers\LexPO.cxx">
      <Filter>Lexers</Filter>
    </ClCompile>
    <ClCompile Include="..\..\scintilla\lexers\LexPOV.cxx">
      <Filter>Lexers</Filter>
    </ClCompile>
    <ClCompile Include="..\..\scintilla\lexers\LexPowerPro.cxx">
      <Filter>Lexers</Filter>
    </ClCompile>
    <ClCompile Include="..\..\scintilla\lexers\LexPowerShell.cxx">
      <Filter>Lexers</Filter>
    </ClCompile>
    <ClCompile Include="..\..\scintilla\lexers\LexProgress.cxx">
      <Filter>Lexers</Filter>
    </ClCompile>
    <ClCompile Include="..\..\scintilla\lexers\LexPS.cxx">
      <Filter>Lexers</Filter>
    </ClCompile>
    <ClCompile Include="..\..\scintilla\lexers\LexPython.cxx">
      <Filter>Lexers</Filter>
    </ClCompile>
    <ClCompile Include="..\..\scintilla\lexers\LexR.cxx">
      <Filter>Lexers</Filter>
    </ClCompile>
    <ClCompile Include="..\..\scintilla\lexers\LexRebol.cxx">
      <Filter>Lexers</Filter>
    </ClCompile>
    <ClCompile Include="..\..\scintilla\lexers\LexRuby.cxx">
      <Filter>Lexers</Filter>
    </ClCompile>
    <ClCompile Include="..\..\scintilla\lexers\LexScriptol.cxx">
      <Filter>Lexers</Filter>
    </ClCompile>
    <ClCompile Include="..\..\scintilla\lexers\LexSmalltalk.cxx">
      <Filter>Lexers</Filter>
    </ClCompile>
    <ClCompile Include="..\..\scintilla\lexers\LexSML.cxx">
      <Filter>Lexers</Filter>
    </ClCompile>
    <ClCompile Include="..\..\scintilla\lexers\LexSorcus.cxx">
      <Filter>Lexers</Filter>
    </ClCompile>
    <ClCompile Include="..\..\scintilla\lexers\LexSpecman.cxx">
      <Filter>Lexers</Filter>
    </ClCompile>
    <ClCompile Include="..\..\scintilla\lexers\LexSpice.cxx">
      <Filter>Lexers</Filter>
    </ClCompile>
    <ClCompile Include="..\..\scintilla\lexers\LexSQL.cxx">
      <Filter>Lexers</Filter>
    </ClCompile>
    <ClCompile Include="..\..\scintilla\lexers\LexTACL.cxx">
      <Filter>Lexers</Filter>
    </ClCompile>
    <ClCompile Include="..\..\scintilla\lexers\LexTADS3.cxx">
      <Filter>Lexers</Filter>
    </ClCompile>
    <ClCompile Include="..\..\scintilla\lexers\LexTAL.cxx">
      <Filter>Lexers</Filter>
    </ClCompile>
    <ClCompile Include="..\..\scintilla\lexers\LexTCL.cxx">
      <Filter>Lexers</Filter>
    </ClCompile>
    <ClCompile Include="..\..\scintilla\lexers\LexTCMD.cxx">
      <Filter>Lexers</Filter>
    </ClCompile>
    <ClCompile Include="..\..\scintilla\lexers\LexTeX.cxx">
      <Filter>Lexers</Filter>
    </ClCompile>
    <ClCompile Include="..\..\scintilla\lexers\LexTxt2tags.cxx">
      <Filter>Lexers</Filter>
    </ClCompile>
    <ClCompile Include="..\..\scintilla\lexers\LexVB.cxx">
      <Filter>Lexers</Filter>
    </ClCompile>
    <ClCompile Include="..\..\scintilla\lexers\LexVerilog.cxx">
      <Filter>Lexers</Filter>
    </ClCompile>
    <ClCompile Include="..\..\scintilla\lexers\LexVHDL.cxx">
      <Filter>Lexers</Filter>
    </ClCompile>
    <ClCompile Include="..\..\scintilla\lexers\LexVisualProlog.cxx">
      <Filter>Lexers</Filter>
    </ClCompile>
    <ClCompile Include="..\..\scintilla\lexers\LexYAML.cxx">
      <Filter>Lexers</Filter>
    </ClCompile>
    <ClCompile Include="..\..\scintilla\lexlib\Accessor.cxx">
      <Filter>lexlib</Filter>
    </ClCompile>
    <ClCompile Include="..\..\scintilla\lexlib\CharacterSet.cxx">
      <Filter>lexlib</Filter>
    </ClCompile>
    <ClCompile Include="..\..\scintilla\lexlib\LexerBase.cxx">
      <Filter>lexlib</Filter>
    </ClCompile>
    <ClCompile Include="..\..\scintilla\lexlib\LexerModule.cxx">
      <Filter>lexlib</Filter>
    </ClCompile>
    <ClCompile Include="..\..\scintilla\lexlib\LexerNoExceptions.cxx">
      <Filter>lexlib</Filter>
    </ClCompile>
    <ClCompile Include="..\..\scintilla\lexlib\LexerSimple.cxx">
      <Filter>lexlib</Filter>
    </ClCompile>
    <ClCompile Include="..\..\scintilla\lexlib\PropSetSimple.cxx">
      <Filter>lexlib</Filter>
    </ClCompile>
    <ClCompile Include="..\..\scintilla\lexlib\StyleContext.cxx">
      <Filter>lexlib</Filter>
    </ClCompile>
    <ClCompile Include="..\..\scintilla\lexlib\WordList.cxx">
      <Filter>lexlib</Filter>
    </ClCompile>
  </ItemGroup>
  <ItemGroup>
    <None Include="..\..\scintilla\win32\Scintilla.def">
      <Filter>Source Files</Filter>
    </None>
    <None Include="..\..\scintilla\win32\SciTE.properties" />
    <None Include="..\..\scintilla\src\LexGen.py" />
    <None Include="..\..\scintilla\src\SciTE.properties" />
    <None Include="..\..\scintilla\include\Face.py" />
    <None Include="..\..\scintilla\include\HFacer.py" />
    <None Include="..\..\scintilla\include\Scintilla.iface" />
  </ItemGroup>
  <ItemGroup>
    <ClInclude Include="..\..\scintilla\win32\PlatWin.h">
      <Filter>Header Files</Filter>
    </ClInclude>
    <ClInclude Include="..\..\scintilla\src\AutoComplete.h">
      <Filter>Header Files</Filter>
    </ClInclude>
    <ClInclude Include="..\..\scintilla\src\CallTip.h">
      <Filter>Header Files</Filter>
    </ClInclude>
    <ClInclude Include="..\..\scintilla\src\Catalogue.h">
      <Filter>Header Files</Filter>
    </ClInclude>
    <ClInclude Include="..\..\scintilla\src\CellBuffer.h">
      <Filter>Header Files</Filter>
    </ClInclude>
    <ClInclude Include="..\..\scintilla\src\CharClassify.h">
      <Filter>Header Files</Filter>
    </ClInclude>
    <ClInclude Include="..\..\scintilla\src\ContractionState.h">
      <Filter>Header Files</Filter>
    </ClInclude>
    <ClInclude Include="..\..\scintilla\src\Decoration.h">
      <Filter>Header Files</Filter>
    </ClInclude>
    <ClInclude Include="..\..\scintilla\src\Document.h">
      <Filter>Header Files</Filter>
    </ClInclude>
    <ClInclude Include="..\..\scintilla\src\Editor.h">
      <Filter>Header Files</Filter>
    </ClInclude>
    <ClInclude Include="..\..\scintilla\src\ExternalLexer.h">
      <Filter>Header Files</Filter>
    </ClInclude>
    <ClInclude Include="..\..\scintilla\src\FontQuality.h">
      <Filter>Header Files</Filter>
    </ClInclude>
    <ClInclude Include="..\..\scintilla\src\Indicator.h">
      <Filter>Header Files</Filter>
    </ClInclude>
    <ClInclude Include="..\..\scintilla\src\KeyMap.h">
      <Filter>Header Files</Filter>
    </ClInclude>
    <ClInclude Include="..\..\scintilla\src\LineMarker.h">
      <Filter>Header Files</Filter>
    </ClInclude>
    <ClInclude Include="..\..\scintilla\src\Partitioning.h">
      <Filter>Header Files</Filter>
    </ClInclude>
    <ClInclude Include="..\..\scintilla\src\PerLine.h">
      <Filter>Header Files</Filter>
    </ClInclude>
    <ClInclude Include="..\..\scintilla\src\PositionCache.h">
      <Filter>Header Files</Filter>
    </ClInclude>
    <ClInclude Include="..\..\scintilla\src\RESearch.h">
      <Filter>Header Files</Filter>
    </ClInclude>
    <ClInclude Include="..\..\scintilla\src\RunStyles.h">
      <Filter>Header Files</Filter>
    </ClInclude>
    <ClInclude Include="..\..\scintilla\src\ScintillaBase.h">
      <Filter>Header Files</Filter>
    </ClInclude>
    <ClInclude Include="..\..\scintilla\src\Selection.h">
      <Filter>Header Files</Filter>
    </ClInclude>
    <ClInclude Include="..\..\scintilla\src\SplitVector.h">
      <Filter>Header Files</Filter>
    </ClInclude>
    <ClInclude Include="..\..\scintilla\src\Style.h">
      <Filter>Header Files</Filter>
    </ClInclude>
    <ClInclude Include="..\..\scintilla\src\SVector.h">
      <Filter>Header Files</Filter>
    </ClInclude>
    <ClInclude Include="..\..\scintilla\src\UniConversion.h">
      <Filter>Header Files</Filter>
    </ClInclude>
    <ClInclude Include="..\..\scintilla\src\ViewStyle.h">
      <Filter>Header Files</Filter>
    </ClInclude>
    <ClInclude Include="..\..\scintilla\src\XPM.h">
      <Filter>Header Files</Filter>
    </ClInclude>
    <ClInclude Include="..\..\scintilla\include\ILexer.h">
      <Filter>Header Files</Filter>
    </ClInclude>
    <ClInclude Include="..\..\scintilla\include\Platform.h">
      <Filter>Header Files</Filter>
    </ClInclude>
    <ClInclude Include="..\..\scintilla\include\SciLexer.h">
      <Filter>Header Files</Filter>
    </ClInclude>
    <ClInclude Include="..\..\scintilla\include\Scintilla.h">
      <Filter>Header Files</Filter>
    </ClInclude>
    <ClInclude Include="..\..\scintilla\include\ScintillaWidget.h">
      <Filter>Header Files</Filter>
    </ClInclude>
    <ClInclude Include="..\..\scintilla\lexlib\Accessor.h">
      <Filter>lexlib</Filter>
    </ClInclude>
    <ClInclude Include="..\..\scintilla\lexlib\CharacterSet.h">
      <Filter>lexlib</Filter>
    </ClInclude>
    <ClInclude Include="..\..\scintilla\lexlib\LexAccessor.h">
      <Filter>lexlib</Filter>
    </ClInclude>
    <ClInclude Include="..\..\scintilla\lexlib\LexerBase.h">
      <Filter>lexlib</Filter>
    </ClInclude>
    <ClInclude Include="..\..\scintilla\lexlib\LexerModule.h">
      <Filter>lexlib</Filter>
    </ClInclude>
    <ClInclude Include="..\..\scintilla\lexlib\LexerNoExceptions.h">
      <Filter>lexlib</Filter>
    </ClInclude>
    <ClInclude Include="..\..\scintilla\lexlib\LexerSimple.h">
      <Filter>lexlib</Filter>
    </ClInclude>
    <ClInclude Include="..\..\scintilla\lexlib\OptionSet.h">
      <Filter>lexlib</Filter>
    </ClInclude>
    <ClInclude Include="..\..\scintilla\lexlib\PropSetSimple.h">
      <Filter>lexlib</Filter>
    </ClInclude>
    <ClInclude Include="..\..\scintilla\lexlib\SparseState.h">
      <Filter>lexlib</Filter>
    </ClInclude>
    <ClInclude Include="..\..\scintilla\lexlib\StyleContext.h">
      <Filter>lexlib</Filter>
    </ClInclude>
    <ClInclude Include="..\..\scintilla\lexlib\WordList.h">
      <Filter>lexlib</Filter>
    </ClInclude>
  </ItemGroup>
  <ItemGroup>
    <ResourceCompile Include="..\..\scintilla\win32\ScintRes.rc">
      <Filter>Resource Files</Filter>
    </ResourceCompile>
  </ItemGroup>
</Project>